
Microsoft Visual Studio Solution File, Format Version 12.00
# Visual Studio 14
VisualStudioVersion = 14.0.25420.1
MinimumVisualStudioVersion = 10.0.40219.1
Project("{FAE04EC0-301F-11D3-BF4B-00C04F79EFBC}") = "Rope.Net", "Rope.Net\Rope.Net.csproj", "{30972563-E69C-4E3D-9720-0D9E858C8939}"
EndProject
Project("{FAE04EC0-301F-11D3-BF4B-00C04F79EFBC}") = "Rope.Net.Tests", "Rope.Net.Tests\Rope.Net.Tests.csproj", "{199C25DB-51C6-4EFB-BEA6-BD0BD6A900C3}"
EndProject
Project("{FAE04EC0-301F-11D3-BF4B-00C04F79EFBC}") = "Rope.Net.iOS", "Rope.Net.iOS\Rope.Net.iOS.csproj", "{86EDC4D2-21CC-4699-A52F-2388659D4409}"
EndProject
Project("{2150E333-8FDC-42A3-9474-1A3956D46DE8}") = "Tests", "Tests", "{89FEB2D1-420D-415D-A925-F0776A8952A0}"
EndProject
Project("{2150E333-8FDC-42A3-9474-1A3956D46DE8}") = "Samples", "Samples", "{A1FBAD39-4BAF-4A2B-BE49-0530464BD537}"
EndProject
Project("{FAE04EC0-301F-11D3-BF4B-00C04F79EFBC}") = "Rope.Net.iOS.Sample", "Rope.Net.iOS.Sample\Rope.Net.iOS.Sample.csproj", "{5FD55E8C-49F4-462B-8ACD-D23AF8460A0D}"
EndProject
Project("{FAE04EC0-301F-11D3-BF4B-00C04F79EFBC}") = "Rope.Net.Android", "Rope.Net.Android\Rope.Net.Android.csproj", "{B03E2B76-AA10-4E49-8A4A-85EDD981CDC5}"
EndProject
Project("{FAE04EC0-301F-11D3-BF4B-00C04F79EFBC}") = "Rope.Net.Android.Sample", "Rope.Net.Android.Sample\Rope.Net.Android.Sample.csproj", "{6E4DA4D0-6032-477A-9DCF-1D1B461F7356}"
EndProject
Project("{FAE04EC0-301F-11D3-BF4B-00C04F79EFBC}") = "Rope.Net.Sample.Core", "Rope.Net.Sample.Core\Rope.Net.Sample.Core.csproj", "{EE98310D-6FC5-4526-A439-198B47D030FA}"
EndProject
Global
	GlobalSection(SolutionConfigurationPlatforms) = preSolution
		Ad-Hoc|Any CPU = Ad-Hoc|Any CPU
		Ad-Hoc|iPhone = Ad-Hoc|iPhone
		Ad-Hoc|iPhoneSimulator = Ad-Hoc|iPhoneSimulator
		AppStore|Any CPU = AppStore|Any CPU
		AppStore|iPhone = AppStore|iPhone
		AppStore|iPhoneSimulator = AppStore|iPhoneSimulator
		Debug|Any CPU = Debug|Any CPU
		Debug|iPhone = Debug|iPhone
		Debug|iPhoneSimulator = Debug|iPhoneSimulator
		Release|Any CPU = Release|Any CPU
		Release|iPhone = Release|iPhone
		Release|iPhoneSimulator = Release|iPhoneSimulator
	EndGlobalSection
	GlobalSection(ProjectConfigurationPlatforms) = postSolution
		{30972563-E69C-4E3D-9720-0D9E858C8939}.Ad-Hoc|Any CPU.ActiveCfg = Debug|Any CPU
		{30972563-E69C-4E3D-9720-0D9E858C8939}.Ad-Hoc|Any CPU.Build.0 = Debug|Any CPU
		{30972563-E69C-4E3D-9720-0D9E858C8939}.Ad-Hoc|iPhone.ActiveCfg = Debug|Any CPU
		{30972563-E69C-4E3D-9720-0D9E858C8939}.Ad-Hoc|iPhone.Build.0 = Debug|Any CPU
		{30972563-E69C-4E3D-9720-0D9E858C8939}.Ad-Hoc|iPhoneSimulator.ActiveCfg = Debug|Any CPU
		{30972563-E69C-4E3D-9720-0D9E858C8939}.Ad-Hoc|iPhoneSimulator.Build.0 = Debug|Any CPU
		{30972563-E69C-4E3D-9720-0D9E858C8939}.AppStore|Any CPU.ActiveCfg = Release|Any CPU
		{30972563-E69C-4E3D-9720-0D9E858C8939}.AppStore|Any CPU.Build.0 = Release|Any CPU
		{30972563-E69C-4E3D-9720-0D9E858C8939}.AppStore|iPhone.ActiveCfg = Debug|Any CPU
		{30972563-E69C-4E3D-9720-0D9E858C8939}.AppStore|iPhone.Build.0 = Debug|Any CPU
		{30972563-E69C-4E3D-9720-0D9E858C8939}.AppStore|iPhoneSimulator.ActiveCfg = Debug|Any CPU
		{30972563-E69C-4E3D-9720-0D9E858C8939}.AppStore|iPhoneSimulator.Build.0 = Debug|Any CPU
		{30972563-E69C-4E3D-9720-0D9E858C8939}.Debug|Any CPU.ActiveCfg = Debug|Any CPU
		{30972563-E69C-4E3D-9720-0D9E858C8939}.Debug|Any CPU.Build.0 = Debug|Any CPU
		{30972563-E69C-4E3D-9720-0D9E858C8939}.Debug|iPhone.ActiveCfg = Debug|Any CPU
		{30972563-E69C-4E3D-9720-0D9E858C8939}.Debug|iPhone.Build.0 = Debug|Any CPU
		{30972563-E69C-4E3D-9720-0D9E858C8939}.Debug|iPhoneSimulator.ActiveCfg = Debug|Any CPU
		{30972563-E69C-4E3D-9720-0D9E858C8939}.Debug|iPhoneSimulator.Build.0 = Debug|Any CPU
		{30972563-E69C-4E3D-9720-0D9E858C8939}.Release|Any CPU.ActiveCfg = Release|Any CPU
		{30972563-E69C-4E3D-9720-0D9E858C8939}.Release|Any CPU.Build.0 = Release|Any CPU
		{30972563-E69C-4E3D-9720-0D9E858C8939}.Release|iPhone.ActiveCfg = Release|Any CPU
		{30972563-E69C-4E3D-9720-0D9E858C8939}.Release|iPhone.Build.0 = Release|Any CPU
		{30972563-E69C-4E3D-9720-0D9E858C8939}.Release|iPhoneSimulator.ActiveCfg = Release|Any CPU
		{30972563-E69C-4E3D-9720-0D9E858C8939}.Release|iPhoneSimulator.Build.0 = Release|Any CPU
		{199C25DB-51C6-4EFB-BEA6-BD0BD6A900C3}.Ad-Hoc|Any CPU.ActiveCfg = Debug|Any CPU
		{199C25DB-51C6-4EFB-BEA6-BD0BD6A900C3}.Ad-Hoc|Any CPU.Build.0 = Debug|Any CPU
		{199C25DB-51C6-4EFB-BEA6-BD0BD6A900C3}.Ad-Hoc|iPhone.ActiveCfg = Debug|Any CPU
		{199C25DB-51C6-4EFB-BEA6-BD0BD6A900C3}.Ad-Hoc|iPhone.Build.0 = Debug|Any CPU
		{199C25DB-51C6-4EFB-BEA6-BD0BD6A900C3}.Ad-Hoc|iPhoneSimulator.ActiveCfg = Debug|Any CPU
		{199C25DB-51C6-4EFB-BEA6-BD0BD6A900C3}.Ad-Hoc|iPhoneSimulator.Build.0 = Debug|Any CPU
		{199C25DB-51C6-4EFB-BEA6-BD0BD6A900C3}.AppStore|Any CPU.ActiveCfg = Release|Any CPU
		{199C25DB-51C6-4EFB-BEA6-BD0BD6A900C3}.AppStore|Any CPU.Build.0 = Release|Any CPU
		{199C25DB-51C6-4EFB-BEA6-BD0BD6A900C3}.AppStore|iPhone.ActiveCfg = Debug|Any CPU
		{199C25DB-51C6-4EFB-BEA6-BD0BD6A900C3}.AppStore|iPhone.Build.0 = Debug|Any CPU
		{199C25DB-51C6-4EFB-BEA6-BD0BD6A900C3}.AppStore|iPhoneSimulator.ActiveCfg = Debug|Any CPU
		{199C25DB-51C6-4EFB-BEA6-BD0BD6A900C3}.AppStore|iPhoneSimulator.Build.0 = Debug|Any CPU
		{199C25DB-51C6-4EFB-BEA6-BD0BD6A900C3}.Debug|Any CPU.ActiveCfg = Debug|Any CPU
		{199C25DB-51C6-4EFB-BEA6-BD0BD6A900C3}.Debug|Any CPU.Build.0 = Debug|Any CPU
		{199C25DB-51C6-4EFB-BEA6-BD0BD6A900C3}.Debug|iPhone.ActiveCfg = Debug|Any CPU
		{199C25DB-51C6-4EFB-BEA6-BD0BD6A900C3}.Debug|iPhone.Build.0 = Debug|Any CPU
		{199C25DB-51C6-4EFB-BEA6-BD0BD6A900C3}.Debug|iPhoneSimulator.ActiveCfg = Debug|Any CPU
		{199C25DB-51C6-4EFB-BEA6-BD0BD6A900C3}.Debug|iPhoneSimulator.Build.0 = Debug|Any CPU
		{199C25DB-51C6-4EFB-BEA6-BD0BD6A900C3}.Release|Any CPU.ActiveCfg = Release|Any CPU
		{199C25DB-51C6-4EFB-BEA6-BD0BD6A900C3}.Release|Any CPU.Build.0 = Release|Any CPU
		{199C25DB-51C6-4EFB-BEA6-BD0BD6A900C3}.Release|iPhone.ActiveCfg = Release|Any CPU
		{199C25DB-51C6-4EFB-BEA6-BD0BD6A900C3}.Release|iPhone.Build.0 = Release|Any CPU
		{199C25DB-51C6-4EFB-BEA6-BD0BD6A900C3}.Release|iPhoneSimulator.ActiveCfg = Release|Any CPU
		{199C25DB-51C6-4EFB-BEA6-BD0BD6A900C3}.Release|iPhoneSimulator.Build.0 = Release|Any CPU
		{86EDC4D2-21CC-4699-A52F-2388659D4409}.Ad-Hoc|Any CPU.ActiveCfg = Release|Any CPU
		{86EDC4D2-21CC-4699-A52F-2388659D4409}.Ad-Hoc|Any CPU.Build.0 = Release|Any CPU
		{86EDC4D2-21CC-4699-A52F-2388659D4409}.Ad-Hoc|iPhone.ActiveCfg = Release|Any CPU
		{86EDC4D2-21CC-4699-A52F-2388659D4409}.Ad-Hoc|iPhone.Build.0 = Release|Any CPU
		{86EDC4D2-21CC-4699-A52F-2388659D4409}.Ad-Hoc|iPhoneSimulator.ActiveCfg = Release|Any CPU
		{86EDC4D2-21CC-4699-A52F-2388659D4409}.Ad-Hoc|iPhoneSimulator.Build.0 = Release|Any CPU
		{86EDC4D2-21CC-4699-A52F-2388659D4409}.AppStore|Any CPU.ActiveCfg = Release|Any CPU
		{86EDC4D2-21CC-4699-A52F-2388659D4409}.AppStore|Any CPU.Build.0 = Release|Any CPU
		{86EDC4D2-21CC-4699-A52F-2388659D4409}.AppStore|iPhone.ActiveCfg = Release|Any CPU
		{86EDC4D2-21CC-4699-A52F-2388659D4409}.AppStore|iPhone.Build.0 = Release|Any CPU
		{86EDC4D2-21CC-4699-A52F-2388659D4409}.AppStore|iPhoneSimulator.ActiveCfg = Release|Any CPU
		{86EDC4D2-21CC-4699-A52F-2388659D4409}.AppStore|iPhoneSimulator.Build.0 = Release|Any CPU
		{86EDC4D2-21CC-4699-A52F-2388659D4409}.Debug|Any CPU.ActiveCfg = Debug|Any CPU
		{86EDC4D2-21CC-4699-A52F-2388659D4409}.Debug|Any CPU.Build.0 = Debug|Any CPU
		{86EDC4D2-21CC-4699-A52F-2388659D4409}.Debug|iPhone.ActiveCfg = Debug|Any CPU
		{86EDC4D2-21CC-4699-A52F-2388659D4409}.Debug|iPhone.Build.0 = Debug|Any CPU
		{86EDC4D2-21CC-4699-A52F-2388659D4409}.Debug|iPhoneSimulator.ActiveCfg = Debug|Any CPU
		{86EDC4D2-21CC-4699-A52F-2388659D4409}.Debug|iPhoneSimulator.Build.0 = Debug|Any CPU
		{86EDC4D2-21CC-4699-A52F-2388659D4409}.Release|Any CPU.ActiveCfg = Release|Any CPU
		{86EDC4D2-21CC-4699-A52F-2388659D4409}.Release|Any CPU.Build.0 = Release|Any CPU
		{86EDC4D2-21CC-4699-A52F-2388659D4409}.Release|iPhone.ActiveCfg = Release|Any CPU
		{86EDC4D2-21CC-4699-A52F-2388659D4409}.Release|iPhone.Build.0 = Release|Any CPU
		{86EDC4D2-21CC-4699-A52F-2388659D4409}.Release|iPhoneSimulator.ActiveCfg = Release|Any CPU
		{86EDC4D2-21CC-4699-A52F-2388659D4409}.Release|iPhoneSimulator.Build.0 = Release|Any CPU
		{5FD55E8C-49F4-462B-8ACD-D23AF8460A0D}.Ad-Hoc|Any CPU.ActiveCfg = Ad-Hoc|iPhone
		{5FD55E8C-49F4-462B-8ACD-D23AF8460A0D}.Ad-Hoc|iPhone.ActiveCfg = Ad-Hoc|iPhone
		{5FD55E8C-49F4-462B-8ACD-D23AF8460A0D}.Ad-Hoc|iPhone.Build.0 = Ad-Hoc|iPhone
		{5FD55E8C-49F4-462B-8ACD-D23AF8460A0D}.Ad-Hoc|iPhoneSimulator.ActiveCfg = Ad-Hoc|iPhoneSimulator
		{5FD55E8C-49F4-462B-8ACD-D23AF8460A0D}.Ad-Hoc|iPhoneSimulator.Build.0 = Ad-Hoc|iPhoneSimulator
		{5FD55E8C-49F4-462B-8ACD-D23AF8460A0D}.AppStore|Any CPU.ActiveCfg = AppStore|iPhone
		{5FD55E8C-49F4-462B-8ACD-D23AF8460A0D}.AppStore|iPhone.ActiveCfg = AppStore|iPhone
		{5FD55E8C-49F4-462B-8ACD-D23AF8460A0D}.AppStore|iPhone.Build.0 = AppStore|iPhone
		{5FD55E8C-49F4-462B-8ACD-D23AF8460A0D}.AppStore|iPhoneSimulator.ActiveCfg = AppStore|iPhoneSimulator
		{5FD55E8C-49F4-462B-8ACD-D23AF8460A0D}.AppStore|iPhoneSimulator.Build.0 = AppStore|iPhoneSimulator
		{5FD55E8C-49F4-462B-8ACD-D23AF8460A0D}.Debug|Any CPU.ActiveCfg = Debug|iPhone
		{5FD55E8C-49F4-462B-8ACD-D23AF8460A0D}.Debug|iPhone.ActiveCfg = Debug|iPhone
		{5FD55E8C-49F4-462B-8ACD-D23AF8460A0D}.Debug|iPhone.Build.0 = Debug|iPhone
		{5FD55E8C-49F4-462B-8ACD-D23AF8460A0D}.Debug|iPhoneSimulator.ActiveCfg = Debug|iPhoneSimulator
		{5FD55E8C-49F4-462B-8ACD-D23AF8460A0D}.Debug|iPhoneSimulator.Build.0 = Debug|iPhoneSimulator
		{5FD55E8C-49F4-462B-8ACD-D23AF8460A0D}.Release|Any CPU.ActiveCfg = Release|iPhone
		{5FD55E8C-49F4-462B-8ACD-D23AF8460A0D}.Release|iPhone.ActiveCfg = Release|iPhone
		{5FD55E8C-49F4-462B-8ACD-D23AF8460A0D}.Release|iPhone.Build.0 = Release|iPhone
		{5FD55E8C-49F4-462B-8ACD-D23AF8460A0D}.Release|iPhoneSimulator.ActiveCfg = Release|iPhoneSimulator
		{5FD55E8C-49F4-462B-8ACD-D23AF8460A0D}.Release|iPhoneSimulator.Build.0 = Release|iPhoneSimulator
		{B03E2B76-AA10-4E49-8A4A-85EDD981CDC5}.Ad-Hoc|Any CPU.ActiveCfg = Release|Any CPU
		{B03E2B76-AA10-4E49-8A4A-85EDD981CDC5}.Ad-Hoc|Any CPU.Build.0 = Release|Any CPU
		{B03E2B76-AA10-4E49-8A4A-85EDD981CDC5}.Ad-Hoc|iPhone.ActiveCfg = Release|Any CPU
		{B03E2B76-AA10-4E49-8A4A-85EDD981CDC5}.Ad-Hoc|iPhone.Build.0 = Release|Any CPU
		{B03E2B76-AA10-4E49-8A4A-85EDD981CDC5}.Ad-Hoc|iPhoneSimulator.ActiveCfg = Release|Any CPU
		{B03E2B76-AA10-4E49-8A4A-85EDD981CDC5}.Ad-Hoc|iPhoneSimulator.Build.0 = Release|Any CPU
		{B03E2B76-AA10-4E49-8A4A-85EDD981CDC5}.AppStore|Any CPU.ActiveCfg = Release|Any CPU
		{B03E2B76-AA10-4E49-8A4A-85EDD981CDC5}.AppStore|Any CPU.Build.0 = Release|Any CPU
		{B03E2B76-AA10-4E49-8A4A-85EDD981CDC5}.AppStore|iPhone.ActiveCfg = Release|Any CPU
		{B03E2B76-AA10-4E49-8A4A-85EDD981CDC5}.AppStore|iPhone.Build.0 = Release|Any CPU
		{B03E2B76-AA10-4E49-8A4A-85EDD981CDC5}.AppStore|iPhoneSimulator.ActiveCfg = Release|Any CPU
		{B03E2B76-AA10-4E49-8A4A-85EDD981CDC5}.AppStore|iPhoneSimulator.Build.0 = Release|Any CPU
		{B03E2B76-AA10-4E49-8A4A-85EDD981CDC5}.Debug|Any CPU.ActiveCfg = Debug|Any CPU
		{B03E2B76-AA10-4E49-8A4A-85EDD981CDC5}.Debug|Any CPU.Build.0 = Debug|Any CPU
		{B03E2B76-AA10-4E49-8A4A-85EDD981CDC5}.Debug|iPhone.ActiveCfg = Debug|Any CPU
		{B03E2B76-AA10-4E49-8A4A-85EDD981CDC5}.Debug|iPhone.Build.0 = Debug|Any CPU
		{B03E2B76-AA10-4E49-8A4A-85EDD981CDC5}.Debug|iPhoneSimulator.ActiveCfg = Debug|Any CPU
		{B03E2B76-AA10-4E49-8A4A-85EDD981CDC5}.Debug|iPhoneSimulator.Build.0 = Debug|Any CPU
		{B03E2B76-AA10-4E49-8A4A-85EDD981CDC5}.Release|Any CPU.ActiveCfg = Release|Any CPU
		{B03E2B76-AA10-4E49-8A4A-85EDD981CDC5}.Release|Any CPU.Build.0 = Release|Any CPU
		{B03E2B76-AA10-4E49-8A4A-85EDD981CDC5}.Release|iPhone.ActiveCfg = Release|Any CPU
		{B03E2B76-AA10-4E49-8A4A-85EDD981CDC5}.Release|iPhone.Build.0 = Release|Any CPU
		{B03E2B76-AA10-4E49-8A4A-85EDD981CDC5}.Release|iPhoneSimulator.ActiveCfg = Release|Any CPU
		{B03E2B76-AA10-4E49-8A4A-85EDD981CDC5}.Release|iPhoneSimulator.Build.0 = Release|Any CPU
		{6E4DA4D0-6032-477A-9DCF-1D1B461F7356}.Ad-Hoc|Any CPU.ActiveCfg = Release|Any CPU
		{6E4DA4D0-6032-477A-9DCF-1D1B461F7356}.Ad-Hoc|Any CPU.Build.0 = Release|Any CPU
		{6E4DA4D0-6032-477A-9DCF-1D1B461F7356}.Ad-Hoc|Any CPU.Deploy.0 = Release|Any CPU
		{6E4DA4D0-6032-477A-9DCF-1D1B461F7356}.Ad-Hoc|iPhone.ActiveCfg = Release|Any CPU
		{6E4DA4D0-6032-477A-9DCF-1D1B461F7356}.Ad-Hoc|iPhone.Build.0 = Release|Any CPU
		{6E4DA4D0-6032-477A-9DCF-1D1B461F7356}.Ad-Hoc|iPhone.Deploy.0 = Release|Any CPU
		{6E4DA4D0-6032-477A-9DCF-1D1B461F7356}.Ad-Hoc|iPhoneSimulator.ActiveCfg = Release|Any CPU
		{6E4DA4D0-6032-477A-9DCF-1D1B461F7356}.Ad-Hoc|iPhoneSimulator.Build.0 = Release|Any CPU
		{6E4DA4D0-6032-477A-9DCF-1D1B461F7356}.Ad-Hoc|iPhoneSimulator.Deploy.0 = Release|Any CPU
		{6E4DA4D0-6032-477A-9DCF-1D1B461F7356}.AppStore|Any CPU.ActiveCfg = Release|Any CPU
		{6E4DA4D0-6032-477A-9DCF-1D1B461F7356}.AppStore|Any CPU.Build.0 = Release|Any CPU
		{6E4DA4D0-6032-477A-9DCF-1D1B461F7356}.AppStore|Any CPU.Deploy.0 = Release|Any CPU
		{6E4DA4D0-6032-477A-9DCF-1D1B461F7356}.AppStore|iPhone.ActiveCfg = Release|Any CPU
		{6E4DA4D0-6032-477A-9DCF-1D1B461F7356}.AppStore|iPhone.Build.0 = Release|Any CPU
		{6E4DA4D0-6032-477A-9DCF-1D1B461F7356}.AppStore|iPhone.Deploy.0 = Release|Any CPU
		{6E4DA4D0-6032-477A-9DCF-1D1B461F7356}.AppStore|iPhoneSimulator.ActiveCfg = Release|Any CPU
		{6E4DA4D0-6032-477A-9DCF-1D1B461F7356}.AppStore|iPhoneSimulator.Build.0 = Release|Any CPU
		{6E4DA4D0-6032-477A-9DCF-1D1B461F7356}.AppStore|iPhoneSimulator.Deploy.0 = Release|Any CPU
		{6E4DA4D0-6032-477A-9DCF-1D1B461F7356}.Debug|Any CPU.ActiveCfg = Debug|Any CPU
		{6E4DA4D0-6032-477A-9DCF-1D1B461F7356}.Debug|Any CPU.Build.0 = Debug|Any CPU
		{6E4DA4D0-6032-477A-9DCF-1D1B461F7356}.Debug|Any CPU.Deploy.0 = Debug|Any CPU
		{6E4DA4D0-6032-477A-9DCF-1D1B461F7356}.Debug|iPhone.ActiveCfg = Debug|Any CPU
		{6E4DA4D0-6032-477A-9DCF-1D1B461F7356}.Debug|iPhone.Build.0 = Debug|Any CPU
		{6E4DA4D0-6032-477A-9DCF-1D1B461F7356}.Debug|iPhone.Deploy.0 = Debug|Any CPU
		{6E4DA4D0-6032-477A-9DCF-1D1B461F7356}.Debug|iPhoneSimulator.ActiveCfg = Debug|Any CPU
		{6E4DA4D0-6032-477A-9DCF-1D1B461F7356}.Debug|iPhoneSimulator.Build.0 = Debug|Any CPU
		{6E4DA4D0-6032-477A-9DCF-1D1B461F7356}.Debug|iPhoneSimulator.Deploy.0 = Debug|Any CPU
		{6E4DA4D0-6032-477A-9DCF-1D1B461F7356}.Release|Any CPU.ActiveCfg = Release|Any CPU
		{6E4DA4D0-6032-477A-9DCF-1D1B461F7356}.Release|Any CPU.Build.0 = Release|Any CPU
		{6E4DA4D0-6032-477A-9DCF-1D1B461F7356}.Release|Any CPU.Deploy.0 = Release|Any CPU
		{6E4DA4D0-6032-477A-9DCF-1D1B461F7356}.Release|iPhone.ActiveCfg = Release|Any CPU
		{6E4DA4D0-6032-477A-9DCF-1D1B461F7356}.Release|iPhone.Build.0 = Release|Any CPU
		{6E4DA4D0-6032-477A-9DCF-1D1B461F7356}.Release|iPhone.Deploy.0 = Release|Any CPU
		{6E4DA4D0-6032-477A-9DCF-1D1B461F7356}.Release|iPhoneSimulator.ActiveCfg = Release|Any CPU
		{6E4DA4D0-6032-477A-9DCF-1D1B461F7356}.Release|iPhoneSimulator.Build.0 = Release|Any CPU
		{6E4DA4D0-6032-477A-9DCF-1D1B461F7356}.Release|iPhoneSimulator.Deploy.0 = Release|Any CPU
		{EE98310D-6FC5-4526-A439-198B47D030FA}.Ad-Hoc|Any CPU.ActiveCfg = Release|Any CPU
		{EE98310D-6FC5-4526-A439-198B47D030FA}.Ad-Hoc|Any CPU.Build.0 = Release|Any CPU
		{EE98310D-6FC5-4526-A439-198B47D030FA}.Ad-Hoc|iPhone.ActiveCfg = Release|Any CPU
		{EE98310D-6FC5-4526-A439-198B47D030FA}.Ad-Hoc|iPhone.Build.0 = Release|Any CPU
		{EE98310D-6FC5-4526-A439-198B47D030FA}.Ad-Hoc|iPhoneSimulator.ActiveCfg = Release|Any CPU
		{EE98310D-6FC5-4526-A439-198B47D030FA}.Ad-Hoc|iPhoneSimulator.Build.0 = Release|Any CPU
		{EE98310D-6FC5-4526-A439-198B47D030FA}.AppStore|Any CPU.ActiveCfg = Release|Any CPU
		{EE98310D-6FC5-4526-A439-198B47D030FA}.AppStore|Any CPU.Build.0 = Release|Any CPU
		{EE98310D-6FC5-4526-A439-198B47D030FA}.AppStore|iPhone.ActiveCfg = Release|Any CPU
		{EE98310D-6FC5-4526-A439-198B47D030FA}.AppStore|iPhone.Build.0 = Release|Any CPU
		{EE98310D-6FC5-4526-A439-198B47D030FA}.AppStore|iPhoneSimulator.ActiveCfg = Release|Any CPU
		{EE98310D-6FC5-4526-A439-198B47D030FA}.AppStore|iPhoneSimulator.Build.0 = Release|Any CPU
		{EE98310D-6FC5-4526-A439-198B47D030FA}.Debug|Any CPU.ActiveCfg = Debug|Any CPU
		{EE98310D-6FC5-4526-A439-198B47D030FA}.Debug|Any CPU.Build.0 = Debug|Any CPU
		{EE98310D-6FC5-4526-A439-198B47D030FA}.Debug|iPhone.ActiveCfg = Debug|Any CPU
		{EE98310D-6FC5-4526-A439-198B47D030FA}.Debug|iPhone.Build.0 = Debug|Any CPU
		{EE98310D-6FC5-4526-A439-198B47D030FA}.Debug|iPhoneSimulator.ActiveCfg = Debug|Any CPU
		{EE98310D-6FC5-4526-A439-198B47D030FA}.Debug|iPhoneSimulator.Build.0 = Debug|Any CPU
		{EE98310D-6FC5-4526-A439-198B47D030FA}.Release|Any CPU.ActiveCfg = Release|Any CPU
		{EE98310D-6FC5-4526-A439-198B47D030FA}.Release|Any CPU.Build.0 = Release|Any CPU
		{EE98310D-6FC5-4526-A439-198B47D030FA}.Release|iPhone.ActiveCfg = Release|Any CPU
		{EE98310D-6FC5-4526-A439-198B47D030FA}.Release|iPhone.Build.0 = Release|Any CPU
		{EE98310D-6FC5-4526-A439-198B47D030FA}.Release|iPhoneSimulator.ActiveCfg = Release|Any CPU
		{EE98310D-6FC5-4526-A439-198B47D030FA}.Release|iPhoneSimulator.Build.0 = Release|Any CPU
	EndGlobalSection
	GlobalSection(SolutionProperties) = preSolution
		HideSolutionNode = FALSE
	EndGlobalSection
	GlobalSection(NestedProjects) = preSolution
		{199C25DB-51C6-4EFB-BEA6-BD0BD6A900C3} = {89FEB2D1-420D-415D-A925-F0776A8952A0}
		{5FD55E8C-49F4-462B-8ACD-D23AF8460A0D} = {A1FBAD39-4BAF-4A2B-BE49-0530464BD537}
		{6E4DA4D0-6032-477A-9DCF-1D1B461F7356} = {A1FBAD39-4BAF-4A2B-BE49-0530464BD537}
		{EE98310D-6FC5-4526-A439-198B47D030FA} = {A1FBAD39-4BAF-4A2B-BE49-0530464BD537}
	EndGlobalSection
EndGlobal
